schema: '2.0'
stages:
  validate_data:
    cmd: python -m ml_dice_game.dataset
    deps:
    - path: data/raw/dataset.csv
      hash: md5
      md5: 1a6a5652d197912916f8b495986d23d8
      size: 140551
    - path: ml_dice_game/dataset.py
      hash: md5
      md5: bbcde6ce42d685cb84cf8ec2802a9981
      size: 3033
    params:
      params.yaml:
        random_state: 42
    outs:
    - path: data/interim/validation_report.json
      hash: md5
      md5: a31c626a7b32338550bda165beb693d9
      size: 139
  split_data:
    cmd: python -m ml_dice_game.features
    deps:
    - path: data/interim/validation_report.json
      hash: md5
      md5: a31c626a7b32338550bda165beb693d9
      size: 139
    - path: data/raw/dataset.csv
      hash: md5
      md5: 1a6a5652d197912916f8b495986d23d8
      size: 140551
    - path: ml_dice_game/features.py
      hash: md5
      md5: b78fa994166ac97da2728c1719c2b70b
      size: 3452
    params:
      params.yaml:
        random_state: 42
        split.cv_n_splits: 5
        split.stratify_col: RONDA
        split.test_size: 0.2
    outs:
    - path: data/processed/test.csv
      hash: md5
      md5: 7bf811b99cbc33e5e171dbc04f8550c3
      size: 28225
    - path: data/processed/train.csv
      hash: md5
      md5: 03be35f397c9561d37a22b4cdf84c2ad
      size: 112419
  train_and_tune:
    cmd: python -m ml_dice_game.modeling.train
    deps:
    - path: data/processed/test.csv
      hash: md5
      md5: 7bf811b99cbc33e5e171dbc04f8550c3
      size: 28225
    - path: data/processed/train.csv
      hash: md5
      md5: 03be35f397c9561d37a22b4cdf84c2ad
      size: 112419
    - path: ml_dice_game/modeling/train.py
      hash: md5
      md5: 1aa08c210051e8713755f6ba73f56110
      size: 7063
    params:
      params.yaml:
        mlflow.experiment_name: ml_dice_game
        mlflow.registered_model_name: ml_dice_game_regressor
        random_state: 42
        train:
          rf:
            n_estimators: 300
          xgb:
            n_estimators: 300
        tune:
          n_iter: 50
          scoring: r2
          xgb_param_distributions:
            n_estimators:
            - 200
            - 300
            - 500
            - 800
            max_depth:
            - 3
            - 4
            - 5
            - 6
            - 8
            learning_rate:
            - 0.01
            - 0.03
            - 0.05
            - 0.1
            - 0.2
            subsample:
            - 0.6
            - 0.8
            - 1.0
            colsample_bytree:
            - 0.6
            - 0.8
            - 1.0
            min_child_weight:
            - 1
            - 3
            - 5
            reg_alpha:
            - 0
            - 0.01
            - 0.1
            - 1
            reg_lambda:
            - 1
            - 1.5
            - 2
            - 5
          rf_param_distributions:
            n_estimators:
            - 200
            - 300
            - 500
            - 800
            max_depth:
            - 
            - 5
            - 10
            - 15
            - 20
            min_samples_split:
            - 2
            - 5
            - 10
            min_samples_leaf:
            - 1
            - 2
            - 4
            max_features:
            - sqrt
            - log2
            - 0.5
            - 
    outs:
    - path: models/model.pkl
      hash: md5
      md5: cf14df0834beeb6b1faf2277ab548d21
      size: 1302460
    - path: reports/figures/metrics_comparison.png
      hash: md5
      md5: 73c2f7c94420b307d8d2d40f27269ad0
      size: 29647
    - path: reports/metrics.json
      hash: md5
      md5: 2ff5e228752ed5154e4376e428d4d303
      size: 58
  train_random_forest:
    cmd: python -m ml_dice_game.modeling.train_random_forest
    deps:
    - path: data/processed/test.csv
      hash: md5
      md5: 7bf811b99cbc33e5e171dbc04f8550c3
      size: 28225
    - path: data/processed/train.csv
      hash: md5
      md5: 03be35f397c9561d37a22b4cdf84c2ad
      size: 112419
    - path: ml_dice_game/modeling/common.py
      hash: md5
      md5: 2ac9ca28b16afb806624bd19ad231d16
      size: 1799
    - path: ml_dice_game/modeling/train_model.py
      hash: md5
      md5: c4ea312b35d3bc91cc78570746150621
      size: 3623
    - path: ml_dice_game/modeling/train_random_forest.py
      hash: md5
      md5: 8ebcfbe93cd28a79ebc8ed01fdcdc70d
      size: 1111
    params:
      params.yaml:
        random_state: 42
        split.cv_n_splits: 5
        train.rf:
          n_estimators: 300
    outs:
    - path: models/base/random_forest.features.json
      hash: md5
      md5: d43fcb11e90697c75302fe7c0c1ae632
      size: 207
    - path: models/base/random_forest.pkl
      hash: md5
      md5: bf2a00bf9beff41da556775c9d2f3122
      size: 51315505
    - path: reports/metrics/random_forest.json
      hash: md5
      md5: 3de74410f9b4093b096595c9da9920e8
      size: 739
  train_xgboost:
    cmd: python -m ml_dice_game.modeling.train_xgboost
    deps:
    - path: data/processed/test.csv
      hash: md5
      md5: 7bf811b99cbc33e5e171dbc04f8550c3
      size: 28225
    - path: data/processed/train.csv
      hash: md5
      md5: 03be35f397c9561d37a22b4cdf84c2ad
      size: 112419
    - path: ml_dice_game/modeling/common.py
      hash: md5
      md5: 2ac9ca28b16afb806624bd19ad231d16
      size: 1799
    - path: ml_dice_game/modeling/train_model.py
      hash: md5
      md5: c4ea312b35d3bc91cc78570746150621
      size: 3623
    - path: ml_dice_game/modeling/train_xgboost.py
      hash: md5
      md5: 31119570601beb0ea1fb80f29c5f800e
      size: 1049
    params:
      params.yaml:
        random_state: 42
        split.cv_n_splits: 5
        train.xgb:
          n_estimators: 300
    outs:
    - path: models/base/xgboost.features.json
      hash: md5
      md5: d43fcb11e90697c75302fe7c0c1ae632
      size: 207
    - path: models/base/xgboost.pkl
      hash: md5
      md5: 1b71e253f99e3d62b06ac6cd8e576e31
      size: 1294731
    - path: reports/metrics/xgboost.json
      hash: md5
      md5: 126b630cbe3bf8cdf8aefc9be9538c8b
      size: 1368
  select_best_model:
    cmd: python -m ml_dice_game.modeling.select_best_model
    deps:
    - path: ml_dice_game/modeling/common.py
      hash: md5
      md5: 2ac9ca28b16afb806624bd19ad231d16
      size: 1799
    - path: ml_dice_game/modeling/select_best_model.py
      hash: md5
      md5: ef304f46ee5249687a32979083920fd9
      size: 1608
    - path: ml_dice_game/plots.py
      hash: md5
      md5: ed107ecaed6438664f4894434123a8ee
      size: 4719
    - path: models/base/random_forest.pkl
      hash: md5
      md5: bf2a00bf9beff41da556775c9d2f3122
      size: 51315505
    - path: models/base/xgboost.pkl
      hash: md5
      md5: 1b71e253f99e3d62b06ac6cd8e576e31
      size: 1294731
    - path: reports/metrics/random_forest.json
      hash: md5
      md5: 3de74410f9b4093b096595c9da9920e8
      size: 739
    - path: reports/metrics/xgboost.json
      hash: md5
      md5: 126b630cbe3bf8cdf8aefc9be9538c8b
      size: 1368
    outs:
    - path: models/selection.json
      hash: md5
      md5: 21ff2ccd6bc1b7c6701dbb2294ee88e0
      size: 435
    - path: reports/figures/base_models_metrics_comparison.png
      hash: md5
      md5: 73c2f7c94420b307d8d2d40f27269ad0
      size: 29647
    - path: reports/metrics/base_models.json
      hash: md5
      md5: 9d89f749dff787e01c9ed75bd132d79b
      size: 242
  tune_best_model:
    cmd: python -m ml_dice_game.modeling.tune_best_model
    deps:
    - path: data/processed/test.csv
      hash: md5
      md5: 7bf811b99cbc33e5e171dbc04f8550c3
      size: 28225
    - path: data/processed/train.csv
      hash: md5
      md5: 03be35f397c9561d37a22b4cdf84c2ad
      size: 112419
    - path: ml_dice_game/explain.py
      hash: md5
      md5: 2c232dc07a1595e53e6ee00450e710e8
      size: 641
    - path: ml_dice_game/modeling/common.py
      hash: md5
      md5: 2ac9ca28b16afb806624bd19ad231d16
      size: 1799
    - path: ml_dice_game/modeling/tune_best_model.py
      hash: md5
      md5: 5fabaa4b0f2a429acf4833aed5f6a710
      size: 3124
    - path: ml_dice_game/plots.py
      hash: md5
      md5: ed107ecaed6438664f4894434123a8ee
      size: 4719
    - path: models/base/random_forest.pkl
      hash: md5
      md5: bf2a00bf9beff41da556775c9d2f3122
      size: 51315505
    - path: models/base/xgboost.pkl
      hash: md5
      md5: 1b71e253f99e3d62b06ac6cd8e576e31
      size: 1294731
    - path: models/selection.json
      hash: md5
      md5: 21ff2ccd6bc1b7c6701dbb2294ee88e0
      size: 435
    params:
      params.yaml:
        random_state: 42
        split.cv_n_splits: 5
        tune:
          n_iter: 50
          scoring: r2
          xgb_param_distributions:
            n_estimators:
            - 200
            - 300
            - 500
            - 800
            max_depth:
            - 3
            - 4
            - 5
            - 6
            - 8
            learning_rate:
            - 0.01
            - 0.03
            - 0.05
            - 0.1
            - 0.2
            subsample:
            - 0.6
            - 0.8
            - 1.0
            colsample_bytree:
            - 0.6
            - 0.8
            - 1.0
            min_child_weight:
            - 1
            - 3
            - 5
            reg_alpha:
            - 0
            - 0.01
            - 0.1
            - 1
            reg_lambda:
            - 1
            - 1.5
            - 2
            - 5
          rf_param_distributions:
            n_estimators:
            - 200
            - 300
            - 500
            - 800
            max_depth:
            - 
            - 5
            - 10
            - 15
            - 20
            min_samples_split:
            - 2
            - 5
            - 10
            min_samples_leaf:
            - 1
            - 2
            - 4
            max_features:
            - sqrt
            - log2
            - 0.5
            - 
    outs:
    - path: models/model.features.json
      hash: md5
      md5: d43fcb11e90697c75302fe7c0c1ae632
      size: 207
    - path: models/model.pkl
      hash: md5
      md5: ce1c8df1f08713ca8caf3c4f0dc352fd
      size: 1299527
    - path: reports/figures/base_vs_tuned_metrics_comparison.png
      hash: md5
      md5: 774047e36db8d173ac78fc9487ceeba7
      size: 28274
    - path: reports/figures/shap_global_importance.png
      hash: md5
      md5: 281f9c74769b7c41986c56e9b9379f3a
      size: 50149
    - path: reports/metrics/base_vs_tuned.json
      hash: md5
      md5: ba52441a283557144af2d2ae605abdfa
      size: 516
