schema: '2.0'
stages:
  validate_data:
    cmd: python -m ml_dice_game.dataset
    deps:
    - path: data/raw/dataset2.csv
      hash: md5
      md5: b18228af3fe1e9e8fa5c59f500894f32
      size: 137737
    - path: ml_dice_game/config.py
      hash: md5
      md5: 7fa3db59c7779ab88058d9f008e6feaf
      size: 2089
    - path: ml_dice_game/dataset.py
      hash: md5
      md5: 4c0ebdb046da9823e9efc50702a14df8
      size: 3802
    params:
      params.yaml:
        random_state: 42
    outs:
    - path: data/interim/validation_report.json
      hash: md5
      md5: 070905c4535fc3f6a3351650656d5a50
      size: 196
  split_data:
    cmd: python -m ml_dice_game.features
    deps:
    - path: data/interim/validation_report.json
      hash: md5
      md5: 070905c4535fc3f6a3351650656d5a50
      size: 196
    - path: data/raw/dataset2.csv
      hash: md5
      md5: b18228af3fe1e9e8fa5c59f500894f32
      size: 137737
    - path: ml_dice_game/config.py
      hash: md5
      md5: 7fa3db59c7779ab88058d9f008e6feaf
      size: 2089
    - path: ml_dice_game/features.py
      hash: md5
      md5: 106428d697530990d0d1aebf8d93c6fd
      size: 3991
    params:
      params.yaml:
        random_state: 42
        split.cv_n_splits: 5
        split.stratify_col: VENTAJA
        split.test_size: 0.2
    outs:
    - path: data/processed/test.csv
      hash: md5
      md5: 86a73892ecebeb014b5a4a582a612e02
      size: 27648
    - path: data/processed/train.csv
      hash: md5
      md5: e408c1888215f046802ac0108ddea959
      size: 110182
  train_and_tune:
    cmd: python -m ml_dice_game.modeling.train
    deps:
    - path: data/processed/test.csv
      hash: md5
      md5: 7bf811b99cbc33e5e171dbc04f8550c3
      size: 28225
    - path: data/processed/train.csv
      hash: md5
      md5: 03be35f397c9561d37a22b4cdf84c2ad
      size: 112419
    - path: ml_dice_game/modeling/train.py
      hash: md5
      md5: 1aa08c210051e8713755f6ba73f56110
      size: 7063
    params:
      params.yaml:
        mlflow.experiment_name: ml_dice_game
        mlflow.registered_model_name: ml_dice_game_regressor
        random_state: 42
        train:
          rf:
            n_estimators: 300
          xgb:
            n_estimators: 300
        tune:
          n_iter: 50
          scoring: r2
          xgb_param_distributions:
            n_estimators:
            - 200
            - 300
            - 500
            - 800
            max_depth:
            - 3
            - 4
            - 5
            - 6
            - 8
            learning_rate:
            - 0.01
            - 0.03
            - 0.05
            - 0.1
            - 0.2
            subsample:
            - 0.6
            - 0.8
            - 1.0
            colsample_bytree:
            - 0.6
            - 0.8
            - 1.0
            min_child_weight:
            - 1
            - 3
            - 5
            reg_alpha:
            - 0
            - 0.01
            - 0.1
            - 1
            reg_lambda:
            - 1
            - 1.5
            - 2
            - 5
          rf_param_distributions:
            n_estimators:
            - 200
            - 300
            - 500
            - 800
            max_depth:
            - 
            - 5
            - 10
            - 15
            - 20
            min_samples_split:
            - 2
            - 5
            - 10
            min_samples_leaf:
            - 1
            - 2
            - 4
            max_features:
            - sqrt
            - log2
            - 0.5
            - 
    outs:
    - path: models/model.pkl
      hash: md5
      md5: cf14df0834beeb6b1faf2277ab548d21
      size: 1302460
    - path: reports/figures/metrics_comparison.png
      hash: md5
      md5: 73c2f7c94420b307d8d2d40f27269ad0
      size: 29647
    - path: reports/metrics.json
      hash: md5
      md5: 2ff5e228752ed5154e4376e428d4d303
      size: 58
  train_random_forest:
    cmd: python -m ml_dice_game.modeling.train_random_forest
    deps:
    - path: data/processed/test.csv
      hash: md5
      md5: 86a73892ecebeb014b5a4a582a612e02
      size: 27648
    - path: data/processed/train.csv
      hash: md5
      md5: e408c1888215f046802ac0108ddea959
      size: 110182
    - path: ml_dice_game/config.py
      hash: md5
      md5: 7fa3db59c7779ab88058d9f008e6feaf
      size: 2089
    - path: ml_dice_game/modeling/common.py
      hash: md5
      md5: f90f06a214baacd6b65653f8375979c4
      size: 2162
    - path: ml_dice_game/modeling/train_model.py
      hash: md5
      md5: 8c1a98db9318d01c8d4611a9c71e9371
      size: 3846
    - path: ml_dice_game/modeling/train_random_forest.py
      hash: md5
      md5: 0dc6a0f4c796c5fc734b53fe8c4cf987
      size: 1114
    params:
      params.yaml:
        random_state: 42
        split.cv_n_splits: 5
        train.rf:
          n_estimators: 300
    outs:
    - path: models/base/random_forest.features.json
      hash: md5
      md5: d43fcb11e90697c75302fe7c0c1ae632
      size: 207
    - path: models/base/random_forest.pkl
      hash: md5
      md5: 650b134a62d6aa5b7135523151650e92
      size: 30501337
    - path: reports/metrics/random_forest.json
      hash: md5
      md5: 41ac93f73852d3a5b6a0145caa51659f
      size: 954
  train_xgboost:
    cmd: python -m ml_dice_game.modeling.train_xgboost
    deps:
    - path: data/processed/test.csv
      hash: md5
      md5: 86a73892ecebeb014b5a4a582a612e02
      size: 27648
    - path: data/processed/train.csv
      hash: md5
      md5: e408c1888215f046802ac0108ddea959
      size: 110182
    - path: ml_dice_game/config.py
      hash: md5
      md5: 7fa3db59c7779ab88058d9f008e6feaf
      size: 2089
    - path: ml_dice_game/modeling/common.py
      hash: md5
      md5: f90f06a214baacd6b65653f8375979c4
      size: 2162
    - path: ml_dice_game/modeling/train_model.py
      hash: md5
      md5: 8c1a98db9318d01c8d4611a9c71e9371
      size: 3846
    - path: ml_dice_game/modeling/train_xgboost.py
      hash: md5
      md5: 365fef657cbc76335e43e3ff36c3a30a
      size: 1052
    params:
      params.yaml:
        random_state: 42
        split.cv_n_splits: 5
        train.xgb:
          n_estimators: 300
          objective: binary:logistic
          eval_metric: logloss
    outs:
    - path: models/base/xgboost.features.json
      hash: md5
      md5: d43fcb11e90697c75302fe7c0c1ae632
      size: 207
    - path: models/base/xgboost.pkl
      hash: md5
      md5: a20cda49eb515f2b88fbc2104a46cf10
      size: 835297
    - path: reports/metrics/xgboost.json
      hash: md5
      md5: 3a51001231fb00a9c2bcf435bc652bf1
      size: 1565
  select_best_model:
    cmd: python -m ml_dice_game.modeling.select_best_model
    deps:
    - path: ml_dice_game/config.py
      hash: md5
      md5: 7fa3db59c7779ab88058d9f008e6feaf
      size: 2089
    - path: ml_dice_game/modeling/common.py
      hash: md5
      md5: f90f06a214baacd6b65653f8375979c4
      size: 2162
    - path: ml_dice_game/modeling/select_best_model.py
      hash: md5
      md5: 2df4222fd70ef9b6d4e4ce593d99e71e
      size: 1714
    - path: ml_dice_game/plots.py
      hash: md5
      md5: 4da972148b515de7fa571fd187e36968
      size: 8853
    - path: models/base/random_forest.pkl
      hash: md5
      md5: 650b134a62d6aa5b7135523151650e92
      size: 30501337
    - path: models/base/xgboost.pkl
      hash: md5
      md5: a20cda49eb515f2b88fbc2104a46cf10
      size: 835297
    - path: reports/metrics/random_forest.json
      hash: md5
      md5: 41ac93f73852d3a5b6a0145caa51659f
      size: 954
    - path: reports/metrics/xgboost.json
      hash: md5
      md5: 3a51001231fb00a9c2bcf435bc652bf1
      size: 1565
    outs:
    - path: models/selection.json
      hash: md5
      md5: a9c403a3fe53f57266e61ef1a307f458
      size: 633
    - path: reports/figures/base_models_metrics_comparison.png
      hash: md5
      md5: 78995d1d02abff860cddef49c8ba220b
      size: 87819
    - path: reports/metrics/base_models.json
      hash: md5
      md5: 61670a413242ab0764eb924a38dfd387
      size: 403
  tune_best_model:
    cmd: python -m ml_dice_game.modeling.tune_best_model
    deps:
    - path: data/processed/test.csv
      hash: md5
      md5: 86a73892ecebeb014b5a4a582a612e02
      size: 27648
    - path: data/processed/train.csv
      hash: md5
      md5: e408c1888215f046802ac0108ddea959
      size: 110182
    - path: ml_dice_game/config.py
      hash: md5
      md5: 7fa3db59c7779ab88058d9f008e6feaf
      size: 2089
    - path: ml_dice_game/explain.py
      hash: md5
      md5: e304d8e8a1c9b223be51abad1d649704
      size: 2727
    - path: ml_dice_game/modeling/common.py
      hash: md5
      md5: f90f06a214baacd6b65653f8375979c4
      size: 2162
    - path: ml_dice_game/modeling/tune_best_model.py
      hash: md5
      md5: 6d3ea1eb3c82a52ab4ab9a87b8fe0e97
      size: 3583
    - path: ml_dice_game/plots.py
      hash: md5
      md5: 4da972148b515de7fa571fd187e36968
      size: 8853
    - path: models/base/random_forest.pkl
      hash: md5
      md5: 650b134a62d6aa5b7135523151650e92
      size: 30501337
    - path: models/base/xgboost.pkl
      hash: md5
      md5: a20cda49eb515f2b88fbc2104a46cf10
      size: 835297
    - path: models/selection.json
      hash: md5
      md5: a9c403a3fe53f57266e61ef1a307f458
      size: 633
    params:
      params.yaml:
        random_state: 42
        split.cv_n_splits: 5
        tune:
          n_iter: 50
          scoring: roc_auc
          xgb_param_distributions:
            n_estimators:
            - 200
            - 300
            - 500
            - 800
            max_depth:
            - 3
            - 4
            - 5
            - 6
            - 8
            learning_rate:
            - 0.01
            - 0.03
            - 0.05
            - 0.1
            - 0.2
            subsample:
            - 0.6
            - 0.8
            - 1.0
            colsample_bytree:
            - 0.6
            - 0.8
            - 1.0
            min_child_weight:
            - 1
            - 3
            - 5
            reg_alpha:
            - 0
            - 0.01
            - 0.1
            - 1
            reg_lambda:
            - 1
            - 1.5
            - 2
            - 5
          rf_param_distributions:
            n_estimators:
            - 200
            - 300
            - 500
            - 800
            max_depth:
            - 
            - 5
            - 10
            - 15
            - 20
            min_samples_split:
            - 2
            - 5
            - 10
            min_samples_leaf:
            - 1
            - 2
            - 4
            max_features:
            - sqrt
            - log2
            - 0.5
            - 
    outs:
    - path: models/model.features.json
      hash: md5
      md5: d43fcb11e90697c75302fe7c0c1ae632
      size: 207
    - path: models/model.pkl
      hash: md5
      md5: 175d20479e0d2dfd8490e1bb537cdfed
      size: 2212191
    - path: reports/figures/base_vs_tuned_metrics_comparison.png
      hash: md5
      md5: 2cab517bb117f789a6e7fc81fda66354
      size: 68471
    - path: reports/figures/shap_global_importance.png
      hash: md5
      md5: 5352c05021d54a14111b383eeb22b6cd
      size: 58390
    - path: reports/metrics/base_vs_tuned.json
      hash: md5
      md5: dced83aeaf9aaa19cd14a14112bf302d
      size: 709
